
Microsoft Visual Studio Solution File, Format Version 12.00
# Visual Studio Version 17
VisualStudioVersion = 17.0.31612.314
MinimumVisualStudioVersion = 10.0.40219.1
Project("{FAE04EC0-301F-11D3-BF4B-00C04F79EFBC}") = "WebAppDemo1", "WebAppDemo1\WebAppDemo1.csproj", "{17F907F2-66B0-4248-BA87-64324D4D16C4}"
EndProject
Global
	GlobalSection(SolutionConfigurationPlatforms) = preSolution
		Debug|Any CPU = Debug|Any CPU
		Release|Any CPU = Release|Any CPU
	EndGlobalSection
	GlobalSection(ProjectConfigurationPlatforms) = postSolution
		{17F907F2-66B0-4248-BA87-64324D4D16C4}.Debug|Any CPU.ActiveCfg = Debug|Any CPU
		{17F907F2-66B0-4248-BA87-64324D4D16C4}.Debug|Any CPU.Build.0 = Debug|Any CPU
		{17F907F2-66B0-4248-BA87-64324D4D16C4}.Release|Any CPU.ActiveCfg = Release|Any CPU
		{17F907F2-66B0-4248-BA87-64324D4D16C4}.Release|Any CPU.Build.0 = Release|Any CPU
	EndGlobalSection
	GlobalSection(SolutionProperties) = preSolution
		HideSolutionNode = FALSE
	EndGlobalSection
	GlobalSection(ExtensibilityGlobals) = postSolution
		SolutionGuid = {C33E898A-4EB3-48D7-A17B-FE7914B8C31C}
	EndGlobalSection
EndGlobal
